
Microsoft Visual Studio Solution File, Format Version 12.00
# Visual Studio 15
VisualStudioVersion = 15.0.28010.2041
MinimumVisualStudioVersion = 10.0.40219.1
Project("{FAE04EC0-301F-11D3-BF4B-00C04F79EFBC}") = "001 Class and Object Persona", "ConsoleApp6\001 Class and Object Persona.csproj", "{CBBBAD8D-A90B-42F5-8428-8F53C4FC5BA3}"
EndProject
Global
	GlobalSection(SolutionConfigurationPlatforms) = preSolution
		Debug|Any CPU = Debug|Any CPU
		Release|Any CPU = Release|Any CPU
	EndGlobalSection
	GlobalSection(ProjectConfigurationPlatforms) = postSolution
		{CBBBAD8D-A90B-42F5-8428-8F53C4FC5BA3}.Debug|Any CPU.ActiveCfg = Debug|Any CPU
		{CBBBAD8D-A90B-42F5-8428-8F53C4FC5BA3}.Debug|Any CPU.Build.0 = Debug|Any CPU
		{CBBBAD8D-A90B-42F5-8428-8F53C4FC5BA3}.Release|Any CPU.ActiveCfg = Release|Any CPU
		{CBBBAD8D-A90B-42F5-8428-8F53C4FC5BA3}.Release|Any CPU.Build.0 = Release|Any CPU
	EndGlobalSection
	GlobalSection(SolutionProperties) = preSolution
		HideSolutionNode = FALSE
	EndGlobalSection
	GlobalSection(ExtensibilityGlobals) = postSolution
		SolutionGuid = {F151BFF6-58C9-4CAE-8D90-C5F30A585C2D}
	EndGlobalSection
EndGlobal
