
Microsoft Visual Studio Solution File, Format Version 12.00
# Visual Studio 15
VisualStudioVersion = 15.0.28010.2046
MinimumVisualStudioVersion = 10.0.40219.1
Project("{FAE04EC0-301F-11D3-BF4B-00C04F79EFBC}") = "Class_2_1", "Class_2\Class_2_1.csproj", "{074B7249-0CEA-4916-B8C2-5BAAF0FA113D}"
EndProject
Project("{FAE04EC0-301F-11D3-BF4B-00C04F79EFBC}") = "Class_2_2", "Class_2_2\Class_2_2.csproj", "{AB547A58-0076-47B5-8567-402C4D907348}"
EndProject
Project("{FAE04EC0-301F-11D3-BF4B-00C04F79EFBC}") = "Class_2_3", "Class_2_3\Class_2_3.csproj", "{56A323EB-E699-4528-B821-B5DFB1AB004A}"
EndProject
Project("{FAE04EC0-301F-11D3-BF4B-00C04F79EFBC}") = "Class_2_4", "Class_2_4\Class_2_4.csproj", "{8A3F9B0B-7E53-45F7-A95A-A43B64595E7F}"
EndProject
Project("{FAE04EC0-301F-11D3-BF4B-00C04F79EFBC}") = "Class_2_5", "Class_2_5\Class_2_5.csproj", "{4E1AB58A-276C-47A3-9EAE-F1033C55D5C1}"
EndProject
Project("{FAE04EC0-301F-11D3-BF4B-00C04F79EFBC}") = "Class_2_6_constructors", "Class_2_6\Class_2_6_constructors.csproj", "{ACFA2A84-5749-44F4-8507-F193F7AC1065}"
EndProject
Global
	GlobalSection(SolutionConfigurationPlatforms) = preSolution
		Debug|Any CPU = Debug|Any CPU
		Release|Any CPU = Release|Any CPU
	EndGlobalSection
	GlobalSection(ProjectConfigurationPlatforms) = postSolution
		{074B7249-0CEA-4916-B8C2-5BAAF0FA113D}.Debug|Any CPU.ActiveCfg = Debug|Any CPU
		{074B7249-0CEA-4916-B8C2-5BAAF0FA113D}.Debug|Any CPU.Build.0 = Debug|Any CPU
		{074B7249-0CEA-4916-B8C2-5BAAF0FA113D}.Release|Any CPU.ActiveCfg = Release|Any CPU
		{074B7249-0CEA-4916-B8C2-5BAAF0FA113D}.Release|Any CPU.Build.0 = Release|Any CPU
		{AB547A58-0076-47B5-8567-402C4D907348}.Debug|Any CPU.ActiveCfg = Debug|Any CPU
		{AB547A58-0076-47B5-8567-402C4D907348}.Debug|Any CPU.Build.0 = Debug|Any CPU
		{AB547A58-0076-47B5-8567-402C4D907348}.Release|Any CPU.ActiveCfg = Release|Any CPU
		{AB547A58-0076-47B5-8567-402C4D907348}.Release|Any CPU.Build.0 = Release|Any CPU
		{56A323EB-E699-4528-B821-B5DFB1AB004A}.Debug|Any CPU.ActiveCfg = Debug|Any CPU
		{56A323EB-E699-4528-B821-B5DFB1AB004A}.Debug|Any CPU.Build.0 = Debug|Any CPU
		{56A323EB-E699-4528-B821-B5DFB1AB004A}.Release|Any CPU.ActiveCfg = Release|Any CPU
		{56A323EB-E699-4528-B821-B5DFB1AB004A}.Release|Any CPU.Build.0 = Release|Any CPU
		{8A3F9B0B-7E53-45F7-A95A-A43B64595E7F}.Debug|Any CPU.ActiveCfg = Debug|Any CPU
		{8A3F9B0B-7E53-45F7-A95A-A43B64595E7F}.Debug|Any CPU.Build.0 = Debug|Any CPU
		{8A3F9B0B-7E53-45F7-A95A-A43B64595E7F}.Release|Any CPU.ActiveCfg = Release|Any CPU
		{8A3F9B0B-7E53-45F7-A95A-A43B64595E7F}.Release|Any CPU.Build.0 = Release|Any CPU
		{4E1AB58A-276C-47A3-9EAE-F1033C55D5C1}.Debug|Any CPU.ActiveCfg = Debug|Any CPU
		{4E1AB58A-276C-47A3-9EAE-F1033C55D5C1}.Debug|Any CPU.Build.0 = Debug|Any CPU
		{4E1AB58A-276C-47A3-9EAE-F1033C55D5C1}.Release|Any CPU.ActiveCfg = Release|Any CPU
		{4E1AB58A-276C-47A3-9EAE-F1033C55D5C1}.Release|Any CPU.Build.0 = Release|Any CPU
		{ACFA2A84-5749-44F4-8507-F193F7AC1065}.Debug|Any CPU.ActiveCfg = Debug|Any CPU
		{ACFA2A84-5749-44F4-8507-F193F7AC1065}.Debug|Any CPU.Build.0 = Debug|Any CPU
		{ACFA2A84-5749-44F4-8507-F193F7AC1065}.Release|Any CPU.ActiveCfg = Release|Any CPU
		{ACFA2A84-5749-44F4-8507-F193F7AC1065}.Release|Any CPU.Build.0 = Release|Any CPU
	EndGlobalSection
	GlobalSection(SolutionProperties) = preSolution
		HideSolutionNode = FALSE
	EndGlobalSection
	GlobalSection(ExtensibilityGlobals) = postSolution
		SolutionGuid = {44B608D9-0521-48EE-B373-80DB8B00E44C}
	EndGlobalSection
EndGlobal
