
Microsoft Visual Studio Solution File, Format Version 12.00
# Visual Studio 15
VisualStudioVersion = 15.0.28010.2050
MinimumVisualStudioVersion = 10.0.40219.1
Project("{FAE04EC0-301F-11D3-BF4B-00C04F79EFBC}") = "Class_3_Simple Class", "Class_3_learning\Class_3_Simple Class.csproj", "{A8CBF5C6-05A8-4683-BAFE-80DFF2B92CF3}"
EndProject
Global
	GlobalSection(SolutionConfigurationPlatforms) = preSolution
		Debug|Any CPU = Debug|Any CPU
		Release|Any CPU = Release|Any CPU
	EndGlobalSection
	GlobalSection(ProjectConfigurationPlatforms) = postSolution
		{A8CBF5C6-05A8-4683-BAFE-80DFF2B92CF3}.Debug|Any CPU.ActiveCfg = Debug|Any CPU
		{A8CBF5C6-05A8-4683-BAFE-80DFF2B92CF3}.Debug|Any CPU.Build.0 = Debug|Any CPU
		{A8CBF5C6-05A8-4683-BAFE-80DFF2B92CF3}.Release|Any CPU.ActiveCfg = Release|Any CPU
		{A8CBF5C6-05A8-4683-BAFE-80DFF2B92CF3}.Release|Any CPU.Build.0 = Release|Any CPU
	EndGlobalSection
	GlobalSection(SolutionProperties) = preSolution
		HideSolutionNode = FALSE
	EndGlobalSection
	GlobalSection(ExtensibilityGlobals) = postSolution
		SolutionGuid = {84D11204-CE2C-4372-84D7-FC8D843C0694}
	EndGlobalSection
EndGlobal
